
Microsoft Visual Studio Solution File, Format Version 12.00
# Visual Studio Version 17
VisualStudioVersion = 17.7.34221.43
MinimumVisualStudioVersion = 10.0.40219.1
Project("{FAE04EC0-301F-11D3-BF4B-00C04F79EFBC}") = "DomainDrivenDesignUdemy.Domain", "DomainDrivenDesignUdemy.Domain\DomainDrivenDesignUdemy.Domain.csproj", "{847A8E44-B0BC-48A3-BD80-34A3DC277E46}"
EndProject
Project("{FAE04EC0-301F-11D3-BF4B-00C04F79EFBC}") = "DomainDrivenDesignUdemy.ConsoleApp", "DomainDrivenDesignUdemy.ConsoleApp\DomainDrivenDesignUdemy.ConsoleApp.csproj", "{B2C99D92-CA23-435A-BCBA-5197BF3D8051}"
EndProject
Project("{FAE04EC0-301F-11D3-BF4B-00C04F79EFBC}") = "DomainDrivenDesignUdemy.Application", "DomainDrivenDesignUdemy.Application\DomainDrivenDesignUdemy.Application.csproj", "{D4772EFA-7F91-4F51-BA0A-EEB96054B98C}"
EndProject
Project("{FAE04EC0-301F-11D3-BF4B-00C04F79EFBC}") = "DomainDrivenDesignUdemy.Infrastructure", "DomainDrivenDesignUdemy.Infrastructure\DomainDrivenDesignUdemy.Infrastructure.csproj", "{2D43A90C-64B6-4DC4-9540-D9D584A25A99}"
EndProject
Global
	GlobalSection(SolutionConfigurationPlatforms) = preSolution
		Debug|Any CPU = Debug|Any CPU
		Release|Any CPU = Release|Any CPU
	EndGlobalSection
	GlobalSection(ProjectConfigurationPlatforms) = postSolution
		{847A8E44-B0BC-48A3-BD80-34A3DC277E46}.Debug|Any CPU.ActiveCfg = Debug|Any CPU
		{847A8E44-B0BC-48A3-BD80-34A3DC277E46}.Debug|Any CPU.Build.0 = Debug|Any CPU
		{847A8E44-B0BC-48A3-BD80-34A3DC277E46}.Release|Any CPU.ActiveCfg = Release|Any CPU
		{847A8E44-B0BC-48A3-BD80-34A3DC277E46}.Release|Any CPU.Build.0 = Release|Any CPU
		{B2C99D92-CA23-435A-BCBA-5197BF3D8051}.Debug|Any CPU.ActiveCfg = Debug|Any CPU
		{B2C99D92-CA23-435A-BCBA-5197BF3D8051}.Debug|Any CPU.Build.0 = Debug|Any CPU
		{B2C99D92-CA23-435A-BCBA-5197BF3D8051}.Release|Any CPU.ActiveCfg = Release|Any CPU
		{B2C99D92-CA23-435A-BCBA-5197BF3D8051}.Release|Any CPU.Build.0 = Release|Any CPU
		{D4772EFA-7F91-4F51-BA0A-EEB96054B98C}.Debug|Any CPU.ActiveCfg = Debug|Any CPU
		{D4772EFA-7F91-4F51-BA0A-EEB96054B98C}.Debug|Any CPU.Build.0 = Debug|Any CPU
		{D4772EFA-7F91-4F51-BA0A-EEB96054B98C}.Release|Any CPU.ActiveCfg = Release|Any CPU
		{D4772EFA-7F91-4F51-BA0A-EEB96054B98C}.Release|Any CPU.Build.0 = Release|Any CPU
		{2D43A90C-64B6-4DC4-9540-D9D584A25A99}.Debug|Any CPU.ActiveCfg = Debug|Any CPU
		{2D43A90C-64B6-4DC4-9540-D9D584A25A99}.Debug|Any CPU.Build.0 = Debug|Any CPU
		{2D43A90C-64B6-4DC4-9540-D9D584A25A99}.Release|Any CPU.ActiveCfg = Release|Any CPU
		{2D43A90C-64B6-4DC4-9540-D9D584A25A99}.Release|Any CPU.Build.0 = Release|Any CPU
	EndGlobalSection
	GlobalSection(SolutionProperties) = preSolution
		HideSolutionNode = FALSE
	EndGlobalSection
	GlobalSection(ExtensibilityGlobals) = postSolution
		SolutionGuid = {4DB24DFA-09FB-4723-B43F-D1D3E9414693}
	EndGlobalSection
EndGlobal
